
Microsoft Visual Studio Solution File, Format Version 12.00
# Visual Studio Version 17
VisualStudioVersion = 17.3.32929.385
MinimumVisualStudioVersion = 10.0.40219.1
Project("{FAE04EC0-301F-11D3-BF4B-00C04F79EFBC}") = "WebApiNorthwind", "WebApiNorthwind\WebApiNorthwind.csproj", "{1CEEEDE3-AA82-4A40-B653-0EBE3A0A7A6E}"
EndProject
Global
	GlobalSection(SolutionConfigurationPlatforms) = preSolution
		Debug|Any CPU = Debug|Any CPU
		Release|Any CPU = Release|Any CPU
	EndGlobalSection
	GlobalSection(ProjectConfigurationPlatforms) = postSolution
		{1CEEEDE3-AA82-4A40-B653-0EBE3A0A7A6E}.Debug|Any CPU.ActiveCfg = Debug|Any CPU
		{1CEEEDE3-AA82-4A40-B653-0EBE3A0A7A6E}.Debug|Any CPU.Build.0 = Debug|Any CPU
		{1CEEEDE3-AA82-4A40-B653-0EBE3A0A7A6E}.Release|Any CPU.ActiveCfg = Release|Any CPU
		{1CEEEDE3-AA82-4A40-B653-0EBE3A0A7A6E}.Release|Any CPU.Build.0 = Release|Any CPU
	EndGlobalSection
	GlobalSection(SolutionProperties) = preSolution
		HideSolutionNode = FALSE
	EndGlobalSection
	GlobalSection(ExtensibilityGlobals) = postSolution
		SolutionGuid = {CBCB70E5-5A2F-4077-99BE-0020FE9B103B}
	EndGlobalSection
EndGlobal
